// !$*UTF8*$!
{
	archiveVersion = 1;
	classes = {
	};
	objectVersion = 50;
	objects = {

/* Begin PBXBuildFile section */
		D0107A1526E5337900BCFC4D /* CarouselSuperHeroView.swift in Sources */ = {isa = PBXBuildFile; fileRef = D0107A1426E5337900BCFC4D /* CarouselSuperHeroView.swift */; };
		D0107A1726E5339500BCFC4D /* SuperheroRepository.swift in Sources */ = {isa = PBXBuildFile; fileRef = D0107A1626E5339500BCFC4D /* SuperheroRepository.swift */; };
		D06363DE26E1522500238D78 /* SuperHeroesApp.swift in Sources */ = {isa = PBXBuildFile; fileRef = D06363DD26E1522500238D78 /* SuperHeroesApp.swift */; };
		D06363E026E1522500238D78 /* SelectOpponentView.swift in Sources */ = {isa = PBXBuildFile; fileRef = D06363DF26E1522500238D78 /* SelectOpponentView.swift */; };
		D06363E226E1522800238D78 /* Assets.xcassets in Resources */ = {isa = PBXBuildFile; fileRef = D06363E126E1522800238D78 /* Assets.xcassets */; };
		D06363E526E1522800238D78 /* Preview Assets.xcassets in Resources */ = {isa = PBXBuildFile; fileRef = D06363E426E1522800238D78 /* Preview Assets.xcassets */; };
		D06363EE26E1559C00238D78 /* SuperViewProfileView.swift in Sources */ = {isa = PBXBuildFile; fileRef = D06363ED26E1559C00238D78 /* SuperViewProfileView.swift */; };
		D06363F026E155BA00238D78 /* SuperViewAvatarView.swift in Sources */ = {isa = PBXBuildFile; fileRef = D06363EF26E155BA00238D78 /* SuperViewAvatarView.swift */; };
		D06363F326E155DE00238D78 /* Superhero.swift in Sources */ = {isa = PBXBuildFile; fileRef = D06363F226E155DE00238D78 /* Superhero.swift */; };
		D06363F626E15B4800238D78 /* Utils.swift in Sources */ = {isa = PBXBuildFile; fileRef = D06363F526E15B4800238D78 /* Utils.swift */; };
		D06363F826E15D9A00238D78 /* BarView.swift in Sources */ = {isa = PBXBuildFile; fileRef = D06363F726E15D9A00238D78 /* BarView.swift */; };
		D06363FA26E1618300238D78 /* BarBlockView.swift in Sources */ = {isa = PBXBuildFile; fileRef = D06363F926E1618300238D78 /* BarBlockView.swift */; };
		D06363FC26E1638200238D78 /* SuperViewProfileCompactView.swift in Sources */ = {isa = PBXBuildFile; fileRef = D06363FB26E1638200238D78 /* SuperViewProfileCompactView.swift */; };
		D06363FF26E1653600238D78 /* SelectOpponentViewModel.swift in Sources */ = {isa = PBXBuildFile; fileRef = D06363FE26E1653600238D78 /* SelectOpponentViewModel.swift */; };
		D0692BB126E7CF4400FF8280 /* SkillSliderView.swift in Sources */ = {isa = PBXBuildFile; fileRef = D0692BB026E7CF4400FF8280 /* SkillSliderView.swift */; };
		D0692BB326E7D8B500FF8280 /* AddSuperheroViewModel.swift in Sources */ = {isa = PBXBuildFile; fileRef = D0692BB226E7D8B500FF8280 /* AddSuperheroViewModel.swift */; };
		D0692BB526E7E2B800FF8280 /* BattleView.swift in Sources */ = {isa = PBXBuildFile; fileRef = D0692BB426E7E2B800FF8280 /* BattleView.swift */; };
		D0692BB726E7EC0C00FF8280 /* BattleViewModel.swift in Sources */ = {isa = PBXBuildFile; fileRef = D0692BB626E7EC0C00FF8280 /* BattleViewModel.swift */; };
		D0A64DD826E9518D00C92AE5 /* ContentView.swift in Sources */ = {isa = PBXBuildFile; fileRef = D0A64DD726E9518D00C92AE5 /* ContentView.swift */; };
		D0C1E66A26E6B69A00A6B0C4 /* AddSuperheroView.swift in Sources */ = {isa = PBXBuildFile; fileRef = D0C1E66926E6B69A00A6B0C4 /* AddSuperheroView.swift */; };
/* End PBXBuildFile section */

/* Begin PBXFileReference section */
		D0107A1426E5337900BCFC4D /* CarouselSuperHeroView.swift */ = {isa = PBXFileReference; lastKnownFileType = sourcecode.swift; path = CarouselSuperHeroView.swift; sourceTree = "<group>"; };
		D0107A1626E5339500BCFC4D /* SuperheroRepository.swift */ = {isa = PBXFileReference; lastKnownFileType = sourcecode.swift; path = SuperheroRepository.swift; sourceTree = "<group>"; };
		D06363DA26E1522500238D78 /* SuperHeroes.app */ = {isa = PBXFileReference; explicitFileType = wrapper.application; includeInIndex = 0; path = SuperHeroes.app; sourceTree = BUILT_PRODUCTS_DIR; };
		D06363DD26E1522500238D78 /* SuperHeroesApp.swift */ = {isa = PBXFileReference; lastKnownFileType = sourcecode.swift; path = SuperHeroesApp.swift; sourceTree = "<group>"; };
		D06363DF26E1522500238D78 /* SelectOpponentView.swift */ = {isa = PBXFileReference; lastKnownFileType = sourcecode.swift; path = SelectOpponentView.swift; sourceTree = "<group>"; };
		D06363E126E1522800238D78 /* Assets.xcassets */ = {isa = PBXFileReference; lastKnownFileType = folder.assetcatalog; path = Assets.xcassets; sourceTree = "<group>"; };
		D06363E426E1522800238D78 /* Preview Assets.xcassets */ = {isa = PBXFileReference; lastKnownFileType = folder.assetcatalog; path = "Preview Assets.xcassets"; sourceTree = "<group>"; };
		D06363E626E1522800238D78 /* Info.plist */ = {isa = PBXFileReference; lastKnownFileType = text.plist.xml; path = Info.plist; sourceTree = "<group>"; };
		D06363ED26E1559C00238D78 /* SuperViewProfileView.swift */ = {isa = PBXFileReference; lastKnownFileType = sourcecode.swift; path = SuperViewProfileView.swift; sourceTree = "<group>"; };
		D06363EF26E155BA00238D78 /* SuperViewAvatarView.swift */ = {isa = PBXFileReference; lastKnownFileType = sourcecode.swift; path = SuperViewAvatarView.swift; sourceTree = "<group>"; };
		D06363F226E155DE00238D78 /* Superhero.swift */ = {isa = PBXFileReference; lastKnownFileType = sourcecode.swift; path = Superhero.swift; sourceTree = "<group>"; };
		D06363F526E15B4800238D78 /* Utils.swift */ = {isa = PBXFileReference; lastKnownFileType = sourcecode.swift; path = Utils.swift; sourceTree = "<group>"; };
		D06363F726E15D9A00238D78 /* BarView.swift */ = {isa = PBXFileReference; lastKnownFileType = sourcecode.swift; path = BarView.swift; sourceTree = "<group>"; };
		D06363F926E1618300238D78 /* BarBlockView.swift */ = {isa = PBXFileReference; lastKnownFileType = sourcecode.swift; path = BarBlockView.swift; sourceTree = "<group>"; };
		D06363FB26E1638200238D78 /* SuperViewProfileCompactView.swift */ = {isa = PBXFileReference; lastKnownFileType = sourcecode.swift; path = SuperViewProfileCompactView.swift; sourceTree = "<group>"; };
		D06363FE26E1653600238D78 /* SelectOpponentViewModel.swift */ = {isa = PBXFileReference; lastKnownFileType = sourcecode.swift; path = SelectOpponentViewModel.swift; sourceTree = "<group>"; };
		D0692BB026E7CF4400FF8280 /* SkillSliderView.swift */ = {isa = PBXFileReference; lastKnownFileType = sourcecode.swift; path = SkillSliderView.swift; sourceTree = "<group>"; };
		D0692BB226E7D8B500FF8280 /* AddSuperheroViewModel.swift */ = {isa = PBXFileReference; lastKnownFileType = sourcecode.swift; path = AddSuperheroViewModel.swift; sourceTree = "<group>"; };
		D0692BB426E7E2B800FF8280 /* BattleView.swift */ = {isa = PBXFileReference; lastKnownFileType = sourcecode.swift; path = BattleView.swift; sourceTree = "<group>"; };
		D0692BB626E7EC0C00FF8280 /* BattleViewModel.swift */ = {isa = PBXFileReference; lastKnownFileType = sourcecode.swift; path = BattleViewModel.swift; sourceTree = "<group>"; };
		D0A64DD726E9518D00C92AE5 /* ContentView.swift */ = {isa = PBXFileReference; lastKnownFileType = sourcecode.swift; path = ContentView.swift; sourceTree = "<group>"; };
		D0C1E66926E6B69A00A6B0C4 /* AddSuperheroView.swift */ = {isa = PBXFileReference; lastKnownFileType = sourcecode.swift; path = AddSuperheroView.swift; sourceTree = "<group>"; };
/* End PBXFileReference section */

/* Begin PBXFrameworksBuildPhase section */
		D06363D726E1522500238D78 /* Frameworks */ = {
			isa = PBXFrameworksBuildPhase;
			buildActionMask = 2147483647;
			files = (
			);
			runOnlyForDeploymentPostprocessing = 0;
		};
/* End PBXFrameworksBuildPhase section */

/* Begin PBXGroup section */
		D06363D126E1522500238D78 = {
			isa = PBXGroup;
			children = (
				D06363DC26E1522500238D78 /* SuperHeroes */,
				D06363DB26E1522500238D78 /* Products */,
			);
			sourceTree = "<group>";
		};
		D06363DB26E1522500238D78 /* Products */ = {
			isa = PBXGroup;
			children = (
				D06363DA26E1522500238D78 /* SuperHeroes.app */,
			);
			name = Products;
			sourceTree = "<group>";
		};
		D06363DC26E1522500238D78 /* SuperHeroes */ = {
			isa = PBXGroup;
			children = (
				D06363FD26E1652900238D78 /* ViewModel */,
				D06363F426E15B4000238D78 /* Utils */,
				D06363F126E155D200238D78 /* Model */,
				D06363EC26E1558800238D78 /* Views */,
				D06363DD26E1522500238D78 /* SuperHeroesApp.swift */,
				D0A64DD726E9518D00C92AE5 /* ContentView.swift */,
				D06363E126E1522800238D78 /* Assets.xcassets */,
				D06363E626E1522800238D78 /* Info.plist */,
				D06363E326E1522800238D78 /* Preview Content */,
			);
			path = SuperHeroes;
			sourceTree = "<group>";
		};
		D06363E326E1522800238D78 /* Preview Content */ = {
			isa = PBXGroup;
			children = (
				D06363E426E1522800238D78 /* Preview Assets.xcassets */,
			);
			path = "Preview Content";
			sourceTree = "<group>";
		};
		D06363EC26E1558800238D78 /* Views */ = {
			isa = PBXGroup;
			children = (
				D0C1E66826E6B66500A6B0C4 /* Screens */,
				D06363ED26E1559C00238D78 /* SuperViewProfileView.swift */,
				D06363FB26E1638200238D78 /* SuperViewProfileCompactView.swift */,
				D06363EF26E155BA00238D78 /* SuperViewAvatarView.swift */,
				D06363F726E15D9A00238D78 /* BarView.swift */,
				D06363F926E1618300238D78 /* BarBlockView.swift */,
				D0107A1426E5337900BCFC4D /* CarouselSuperHeroView.swift */,
				D0692BB026E7CF4400FF8280 /* SkillSliderView.swift */,
			);
			path = Views;
			sourceTree = "<group>";
		};
		D06363F126E155D200238D78 /* Model */ = {
			isa = PBXGroup;
			children = (
				D06363F226E155DE00238D78 /* Superhero.swift */,
				D0107A1626E5339500BCFC4D /* SuperheroRepository.swift */,
			);
			path = Model;
			sourceTree = "<group>";
		};
		D06363F426E15B4000238D78 /* Utils */ = {
			isa = PBXGroup;
			children = (
				D06363F526E15B4800238D78 /* Utils.swift */,
			);
			path = Utils;
			sourceTree = "<group>";
		};
		D06363FD26E1652900238D78 /* ViewModel */ = {
			isa = PBXGroup;
			children = (
				D06363FE26E1653600238D78 /* SelectOpponentViewModel.swift */,
				D0692BB226E7D8B500FF8280 /* AddSuperheroViewModel.swift */,
				D0692BB626E7EC0C00FF8280 /* BattleViewModel.swift */,
			);
			path = ViewModel;
			sourceTree = "<group>";
		};
		D0C1E66826E6B66500A6B0C4 /* Screens */ = {
			isa = PBXGroup;
			children = (
				D06363DF26E1522500238D78 /* SelectOpponentView.swift */,
				D0C1E66926E6B69A00A6B0C4 /* AddSuperheroView.swift */,
				D0692BB426E7E2B800FF8280 /* BattleView.swift */,
			);
			path = Screens;
			sourceTree = "<group>";
		};
/* End PBXGroup section */

/* Begin PBXNativeTarget section */
		D06363D926E1522500238D78 /* SuperHeroes */ = {
			isa = PBXNativeTarget;
			buildConfigurationList = D06363E926E1522800238D78 /* Build configuration list for PBXNativeTarget "SuperHeroes" */;
			buildPhases = (
				D06363D626E1522500238D78 /* Sources */,
				D06363D726E1522500238D78 /* Frameworks */,
				D06363D826E1522500238D78 /* Resources */,
			);
			buildRules = (
			);
			dependencies = (
			);
			name = SuperHeroes;
			productName = SuperHeroes;
			productReference = D06363DA26E1522500238D78 /* SuperHeroes.app */;
			productType = "com.apple.product-type.application";
		};
/* End PBXNativeTarget section */

/* Begin PBXProject section */
		D06363D226E1522500238D78 /* Project object */ = {
			isa = PBXProject;
			attributes = {
				LastSwiftUpdateCheck = 1250;
				LastUpgradeCheck = 1250;
				TargetAttributes = {
					D06363D926E1522500238D78 = {
						CreatedOnToolsVersion = 12.5.1;
					};
				};
			};
			buildConfigurationList = D06363D526E1522500238D78 /* Build configuration list for PBXProject "SuperHeroes" */;
			compatibilityVersion = "Xcode 9.3";
			developmentRegion = en;
			hasScannedForEncodings = 0;
			knownRegions = (
				en,
				Base,
			);
			mainGroup = D06363D126E1522500238D78;
			productRefGroup = D06363DB26E1522500238D78 /* Products */;
			projectDirPath = "";
			projectRoot = "";
			targets = (
				D06363D926E1522500238D78 /* SuperHeroes */,
			);
		};
/* End PBXProject section */

/* Begin PBXResourcesBuildPhase section */
		D06363D826E1522500238D78 /* Resources */ = {
			isa = PBXResourcesBuildPhase;
			buildActionMask = 2147483647;
			files = (
				D06363E526E1522800238D78 /* Preview Assets.xcassets in Resources */,
				D06363E226E1522800238D78 /* Assets.xcassets in Resources */,
			);
			runOnlyForDeploymentPostprocessing = 0;
		};
/* End PBXResourcesBuildPhase section */

/* Begin PBXSourcesBuildPhase section */
		D06363D626E1522500238D78 /* Sources */ = {
			isa = PBXSourcesBuildPhase;
			buildActionMask = 2147483647;
			files = (
				D0107A1526E5337900BCFC4D /* CarouselSuperHeroView.swift in Sources */,
				D06363FA26E1618300238D78 /* BarBlockView.swift in Sources */,
				D0692BB726E7EC0C00FF8280 /* BattleViewModel.swift in Sources */,
				D0692BB126E7CF4400FF8280 /* SkillSliderView.swift in Sources */,
				D0692BB526E7E2B800FF8280 /* BattleView.swift in Sources */,
				D06363FC26E1638200238D78 /* SuperViewProfileCompactView.swift in Sources */,
				D06363FF26E1653600238D78 /* SelectOpponentViewModel.swift in Sources */,
				D0C1E66A26E6B69A00A6B0C4 /* AddSuperheroView.swift in Sources */,
				D06363F826E15D9A00238D78 /* BarView.swift in Sources */,
				D06363F026E155BA00238D78 /* SuperViewAvatarView.swift in Sources */,
				D0692BB326E7D8B500FF8280 /* AddSuperheroViewModel.swift in Sources */,
				D0107A1726E5339500BCFC4D /* SuperheroRepository.swift in Sources */,
				D06363E026E1522500238D78 /* SelectOpponentView.swift in Sources */,
				D06363F326E155DE00238D78 /* Superhero.swift in Sources */,
				D0A64DD826E9518D00C92AE5 /* ContentView.swift in Sources */,
				D06363EE26E1559C00238D78 /* SuperViewProfileView.swift in Sources */,
				D06363DE26E1522500238D78 /* SuperHeroesApp.swift in Sources */,
				D06363F626E15B4800238D78 /* Utils.swift in Sources */,
			);
			runOnlyForDeploymentPostprocessing = 0;
		};
/* End PBXSourcesBuildPhase section */

/* Begin XCBuildConfiguration section */
		D06363E726E1522800238D78 /* Debug */ = {
			isa = XCBuildConfiguration;
			buildSettings = {
				ALWAYS_SEARCH_USER_PATHS = NO;
				CLANG_ANALYZER_NONNULL = YES;
				CLANG_ANALYZER_NUMBER_OBJECT_CONVERSION = YES_AGGRESSIVE;
				CLANG_CXX_LANGUAGE_STANDARD = "gnu++14";
				CLANG_CXX_LIBRARY = "libc++";
				CLANG_ENABLE_MODULES = YES;
				CLANG_ENABLE_OBJC_ARC = YES;
				CLANG_ENABLE_OBJC_WEAK = YES;
				CLANG_WARN_BLOCK_CAPTURE_AUTORELEASING = YES;
				CLANG_WARN_BOOL_CONVERSION = YES;
				CLANG_WARN_COMMA = YES;
				CLANG_WARN_CONSTANT_CONVERSION = YES;
				CLANG_WARN_DEPRECATED_OBJC_IMPLEMENTATIONS = YES;
				CLANG_WARN_DIRECT_OBJC_ISA_USAGE = YES_ERROR;
				CLANG_WARN_DOCUMENTATION_COMMENTS = YES;
				CLANG_WARN_EMPTY_BODY = YES;
				CLANG_WARN_ENUM_CONVERSION = YES;
				CLANG_WARN_INFINITE_RECURSION = YES;
				CLANG_WARN_INT_CONVERSION = YES;
				CLANG_WARN_NON_LITERAL_NULL_CONVERSION = YES;
				CLANG_WARN_OBJC_IMPLICIT_RETAIN_SELF = YES;
				CLANG_WARN_OBJC_LITERAL_CONVERSION = YES;
				CLANG_WARN_OBJC_ROOT_CLASS = YES_ERROR;
				CLANG_WARN_QUOTED_INCLUDE_IN_FRAMEWORK_HEADER = YES;
				CLANG_WARN_RANGE_LOOP_ANALYSIS = YES;
				CLANG_WARN_STRICT_PROTOTYPES = YES;
				CLANG_WARN_SUSPICIOUS_MOVE = YES;
				CLANG_WARN_UNGUARDED_AVAILABILITY = YES_AGGRESSIVE;
				CLANG_WARN_UNREACHABLE_CODE = YES;
				CLANG_WARN__DUPLICATE_METHOD_MATCH = YES;
				COPY_PHASE_STRIP = NO;
				DEBUG_INFORMATION_FORMAT = dwarf;
				ENABLE_STRICT_OBJC_MSGSEND = YES;
				ENABLE_TESTABILITY = YES;
				GCC_C_LANGUAGE_STANDARD = gnu11;
				GCC_DYNAMIC_NO_PIC = NO;
				GCC_NO_COMMON_BLOCKS = YES;
				GCC_OPTIMIZATION_LEVEL = 0;
				GCC_PREPROCESSOR_DEFINITIONS = (
					"DEBUG=1",
					"$(inherited)",
				);
				GCC_WARN_64_TO_32_BIT_CONVERSION = YES;
				GCC_WARN_ABOUT_RETURN_TYPE = YES_ERROR;
				GCC_WARN_UNDECLARED_SELECTOR = YES;
				GCC_WARN_UNINITIALIZED_AUTOS = YES_AGGRESSIVE;
				GCC_WARN_UNUSED_FUNCTION = YES;
				GCC_WARN_UNUSED_VARIABLE = YES;
				IPHONEOS_DEPLOYMENT_TARGET = 14.5;
				MTL_ENABLE_DEBUG_INFO = INCLUDE_SOURCE;
				MTL_FAST_MATH = YES;
				ONLY_ACTIVE_ARCH = YES;
				SDKROOT = iphoneos;
				SWIFT_ACTIVE_COMPILATION_CONDITIONS = DEBUG;
				SWIFT_OPTIMIZATION_LEVEL = "-Onone";
			};
			name = Debug;
		};
		D06363E826E1522800238D78 /* Release */ = {
			isa = XCBuildConfiguration;
			buildSettings = {
				ALWAYS_SEARCH_USER_PATHS = NO;
				CLANG_ANALYZER_NONNULL = YES;
				CLANG_ANALYZER_NUMBER_OBJECT_CONVERSION = YES_AGGRESSIVE;
				CLANG_CXX_LANGUAGE_STANDARD = "gnu++14";
				CLANG_CXX_LIBRARY = "libc++";
				CLANG_ENABLE_MODULES = YES;
				CLANG_ENABLE_OBJC_ARC = YES;
				CLANG_ENABLE_OBJC_WEAK = YES;
				CLANG_WARN_BLOCK_CAPTURE_AUTORELEASING = YES;
				CLANG_WARN_BOOL_CONVERSION = YES;
				CLANG_WARN_COMMA = YES;
				CLANG_WARN_CONSTANT_CONVERSION = YES;
				CLANG_WARN_DEPRECATED_OBJC_IMPLEMENTATIONS = YES;
				CLANG_WARN_DIRECT_OBJC_ISA_USAGE = YES_ERROR;
				CLANG_WARN_DOCUMENTATION_COMMENTS = YES;
				CLANG_WARN_EMPTY_BODY = YES;
				CLANG_WARN_ENUM_CONVERSION = YES;
				CLANG_WARN_INFINITE_RECURSION = YES;
				CLANG_WARN_INT_CONVERSION = YES;
				CLANG_WARN_NON_LITERAL_NULL_CONVERSION = YES;
				CLANG_WARN_OBJC_IMPLICIT_RETAIN_SELF = YES;
				CLANG_WARN_OBJC_LITERAL_CONVERSION = YES;
				CLANG_WARN_OBJC_ROOT_CLASS = YES_ERROR;
				CLANG_WARN_QUOTED_INCLUDE_IN_FRAMEWORK_HEADER = YES;
				CLANG_WARN_RANGE_LOOP_ANALYSIS = YES;
				CLANG_WARN_STRICT_PROTOTYPES = YES;
				CLANG_WARN_SUSPICIOUS_MOVE = YES;
				CLANG_WARN_UNGUARDED_AVAILABILITY = YES_AGGRESSIVE;
				CLANG_WARN_UNREACHABLE_CODE = YES;
				CLANG_WARN__DUPLICATE_METHOD_MATCH = YES;
				COPY_PHASE_STRIP = NO;
				DEBUG_INFORMATION_FORMAT = "dwarf-with-dsym";
				ENABLE_NS_ASSERTIONS = NO;
				ENABLE_STRICT_OBJC_MSGSEND = YES;
				GCC_C_LANGUAGE_STANDARD = gnu11;
				GCC_NO_COMMON_BLOCKS = YES;
				GCC_WARN_64_TO_32_BIT_CONVERSION = YES;
				GCC_WARN_ABOUT_RETURN_TYPE = YES_ERROR;
				GCC_WARN_UNDECLARED_SELECTOR = YES;
				GCC_WARN_UNINITIALIZED_AUTOS = YES_AGGRESSIVE;
				GCC_WARN_UNUSED_FUNCTION = YES;
				GCC_WARN_UNUSED_VARIABLE = YES;
				IPHONEOS_DEPLOYMENT_TARGET = 14.5;
				MTL_ENABLE_DEBUG_INFO = NO;
				MTL_FAST_MATH = YES;
				SDKROOT = iphoneos;
				SWIFT_COMPILATION_MODE = wholemodule;
				SWIFT_OPTIMIZATION_LEVEL = "-O";
				VALIDATE_PRODUCT = YES;
			};
			name = Release;
		};
		D06363EA26E1522800238D78 /* Debug */ = {
			isa = XCBuildConfiguration;
			buildSettings = {
				ASSETCATALOG_COMPILER_APPICON_NAME = AppIcon;
				ASSETCATALOG_COMPILER_GLOBAL_ACCENT_COLOR_NAME = AccentColor;
				CODE_SIGN_STYLE = Automatic;
				DEVELOPMENT_ASSET_PATHS = "\"SuperHeroes/Preview Content\"";
				DEVELOPMENT_TEAM = 282GM4A2S4;
				ENABLE_PREVIEWS = YES;
				INFOPLIST_FILE = SuperHeroes/Info.plist;
				IPHONEOS_DEPLOYMENT_TARGET = 14.0;
				LD_RUNPATH_SEARCH_PATHS = (
					"$(inherited)",
					"@executable_path/Frameworks",
				);
				PRODUCT_BUNDLE_IDENTIFIER = no.kristiania.instructor.SuperHeroes;
				PRODUCT_NAME = "$(TARGET_NAME)";
				SWIFT_VERSION = 5.0;
				TARGETED_DEVICE_FAMILY = "1,2";
			};
			name = Debug;
		};
		D06363EB26E1522800238D78 /* Release */ = {
			isa = XCBuildConfiguration;
			buildSettings = {
				ASSETCATALOG_COMPILER_APPICON_NAME = AppIcon;
				ASSETCATALOG_COMPILER_GLOBAL_ACCENT_COLOR_NAME = AccentColor;
				CODE_SIGN_STYLE = Automatic;
				DEVELOPMENT_ASSET_PATHS = "\"SuperHeroes/Preview Content\"";
				DEVELOPMENT_TEAM = 282GM4A2S4;
				ENABLE_PREVIEWS = YES;
				INFOPLIST_FILE = SuperHeroes/Info.plist;
				IPHONEOS_DEPLOYMENT_TARGET = 14.0;
				LD_RUNPATH_SEARCH_PATHS = (
					"$(inherited)",
					"@executable_path/Frameworks",
				);
				PRODUCT_BUNDLE_IDENTIFIER = no.kristiania.instructor.SuperHeroes;
				PRODUCT_NAME = "$(TARGET_NAME)";
				SWIFT_VERSION = 5.0;
				TARGETED_DEVICE_FAMILY = "1,2";
			};
			name = Release;
		};
/* End XCBuildConfiguration section */

/* Begin XCConfigurationList section */
		D06363D526E1522500238D78 /* Build configuration list for PBXProject "SuperHeroes" */ = {
			isa = XCConfigurationList;
			buildConfigurations = (
				D06363E726E1522800238D78 /* Debug */,
				D06363E826E1522800238D78 /* Release */,
			);
			defaultConfigurationIsVisible = 0;
			defaultConfigurationName = Release;
		};
		D06363E926E1522800238D78 /* Build configuration list for PBXNativeTarget "SuperHeroes" */ = {
			isa = XCConfigurationList;
			buildConfigurations = (
				D06363EA26E1522800238D78 /* Debug */,
				D06363EB26E1522800238D78 /* Release */,
			);
			defaultConfigurationIsVisible = 0;
			defaultConfigurationName = Release;
		};
/* End XCConfigurationList section */
	};
	rootObject = D06363D226E1522500238D78 /* Project object */;
}
